
Microsoft Visual Studio Solution File, Format Version 12.00
# Visual Studio Version 17
VisualStudioVersion = 17.1.32319.34
MinimumVisualStudioVersion = 10.0.40219.1
Project("{FAE04EC0-301F-11D3-BF4B-00C04F79EFBC}") = "ssss", "ssss\ssss.csproj", "{8285086F-C410-4D21-831B-4483C0084E36}"
EndProject
Global
	GlobalSection(SolutionConfigurationPlatforms) = preSolution
		Debug|Any CPU = Debug|Any CPU
		Release|Any CPU = Release|Any CPU
	EndGlobalSection
	GlobalSection(ProjectConfigurationPlatforms) = postSolution
		{8285086F-C410-4D21-831B-4483C0084E36}.Debug|Any CPU.ActiveCfg = Debug|Any CPU
		{8285086F-C410-4D21-831B-4483C0084E36}.Debug|Any CPU.Build.0 = Debug|Any CPU
		{8285086F-C410-4D21-831B-4483C0084E36}.Release|Any CPU.ActiveCfg = Release|Any CPU
		{8285086F-C410-4D21-831B-4483C0084E36}.Release|Any CPU.Build.0 = Release|Any CPU
	EndGlobalSection
	GlobalSection(SolutionProperties) = preSolution
		HideSolutionNode = FALSE
	EndGlobalSection
	GlobalSection(ExtensibilityGlobals) = postSolution
		SolutionGuid = {1A9D037D-DFA1-43BB-B052-7B0DAD2071F7}
	EndGlobalSection
EndGlobal
